github.com/cnk3x/gox v0.0.0-20250315073235-efd8af8a57b6 h1:4sZ5M/T9q69H9MVGPtz2vbhh+3eNU9sMoLyLmzsQ3dU=
github.com/cnk3x/gox v0.0.0-20250315073235-efd8af8a57b6/go.mod h1:Xrhdm5kRvlBGl2+WbrMGPoztt7HugEOJt6TIrl8s0Yo=
github.com/valyala/bytebufferpool v1.0.0 h1:GqA5TC/0021Y/b9FG4Oi9Mr3q7XYx6KllzawFIhcdPw=
github.com/valyala/bytebufferpool v1.0.0/go.mod h1:6bBcMArwyJ5K/AmCkWv1jt77kVWyCJ6HpOuEn7z0Csc=
github.com/valyala/fasttemplate v1.2.2 h1:lxLXG0uE3Qnshl9QyaK6XJxMXlQZELvChBOCmQD0Loo=
github.com/valyala/fasttemplate v1.2.2/go.mod h1:KHLXt3tVN2HBp8eijSv/kGJopbvo7S+qRAEEKiv+SiQ=
